
Microsoft Visual Studio Solution File, Format Version 12.00
# Visual Studio Version 17
VisualStudioVersion = 17.10.35027.167
MinimumVisualStudioVersion = 10.0.40219.1
Project("{FAE04EC0-301F-11D3-BF4B-00C04F79EFBC}") = "PratikPatikaflixDizilerPlatformu", "PratikPatikaflixDizilerPlatformu\PratikPatikaflixDizilerPlatformu.csproj", "{89B19F6C-D5F2-47D0-80F0-239B38277D13}"
EndProject
Global
	GlobalSection(SolutionConfigurationPlatforms) = preSolution
		Debug|Any CPU = Debug|Any CPU
		Release|Any CPU = Release|Any CPU
	EndGlobalSection
	GlobalSection(ProjectConfigurationPlatforms) = postSolution
		{89B19F6C-D5F2-47D0-80F0-239B38277D13}.Debug|Any CPU.ActiveCfg = Debug|Any CPU
		{89B19F6C-D5F2-47D0-80F0-239B38277D13}.Debug|Any CPU.Build.0 = Debug|Any CPU
		{89B19F6C-D5F2-47D0-80F0-239B38277D13}.Release|Any CPU.ActiveCfg = Release|Any CPU
		{89B19F6C-D5F2-47D0-80F0-239B38277D13}.Release|Any CPU.Build.0 = Release|Any CPU
	EndGlobalSection
	GlobalSection(SolutionProperties) = preSolution
		HideSolutionNode = FALSE
	EndGlobalSection
	GlobalSection(ExtensibilityGlobals) = postSolution
		SolutionGuid = {FBA3D0AB-1E2F-454C-B705-76F1EA16F45F}
	EndGlobalSection
EndGlobal
